Microsoft Visual Studio Solution File, Format Version 12.00
# Visual Studio Version 17
VisualStudioVersion = 17.11.35219.272
MinimumVisualStudioVersion = 10.0.40219.1
Project("{9A19103F-16F7-4668-BE54-9A1E7A4F7556}") = "ChatRoom.AppHost", "src\ChatRoom.AppHost\ChatRoom.AppHost.csproj", "{6D3397B6-C4F1-4805-B3B4-0A44A01B30DF}"
EndProject
Project("{9A19103F-16F7-4668-BE54-9A1E7A4F7556}") = "ChatRoom.ServiceDefaults", "src\ChatRoom.ServiceDefaults\ChatRoom.ServiceDefaults.csproj", "{75E3FD2E-FDEE-4882-8E92-A4427EBD8571}"
EndProject
Project("{9A19103F-16F7-4668-BE54-9A1E7A4F7556}") = "ChatRoom.ApiService", "src\ChatRoom.ApiService\ChatRoom.ApiService.csproj", "{31EEF0A2-0E57-49E2-B85F-66971A190AB5}"
EndProject
Project("{9A19103F-16F7-4668-BE54-9A1E7A4F7556}") = "ChatRoom.Web", "src\ChatRoom.Web\ChatRoom.Web.csproj", "{500F6532-343F-4820-A859-927F200A816A}"
EndProject
Project("{9A19103F-16F7-4668-BE54-9A1E7A4F7556}") = "ChatRoom.Tests", "tests\ChatRoom.Tests\ChatRoom.Tests.csproj", "{19DC27F4-0F7D-4104-B6C8-E094B1513708}"
EndProject
Project("{2150E333-8FDC-42A3-9474-1A3956D46DE8}") = "src", "src", "{8495BA7D-2791-421A-8B2F-378BC9C95E67}"
EndProject
Project("{2150E333-8FDC-42A3-9474-1A3956D46DE8}") = "tests", "tests", "{FD12BEC9-609A-42C5-8FF7-7593DCC01E70}"
EndProject
Project("{9A19103F-16F7-4668-BE54-9A1E7A4F7556}") = "ChatRoom.Infrastructure", "src\ChatRoom.Infrastructure\ChatRoom.Infrastructure.csproj", "{65E2E7A6-604C-418F-8785-70898A42CC31}"
EndProject
Project("{9A19103F-16F7-4668-BE54-9A1E7A4F7556}") = "ChatRoom.MigrationService", "src\ChatRoom.MigrationService\ChatRoom.MigrationService.csproj", "{65BDB15E-2855-4806-9FA8-D589BF4A8EAE}"
EndProject
Project("{9A19103F-16F7-4668-BE54-9A1E7A4F7556}") = "ChatRoom.Domain", "src\ClassRoom.Domain\ChatRoom.Domain.csproj", "{3A7DE554-A563-4F51-8723-EB3DCA104C34}"
EndProject
Project("{9A19103F-16F7-4668-BE54-9A1E7A4F7556}") = "ChatRoom.Messages.PersistenceConsumer", "src\Consumers\ChatRoom.Messages.Consumer\ChatRoom.Messages.PersistenceConsumer.csproj", "{1E9F56F5-F06C-41A6-9314-28EF32B3A016}"
EndProject
Project("{9A19103F-16F7-4668-BE54-9A1E7A4F7556}") = "ChatRoom.Messages.BotConsumer", "src\Consumers\ChatRoom.Messages.BotConsumer\ChatRoom.Messages.BotConsumer.csproj", "{18BC5867-EBEE-4D5D-81A6-DE06325AB7D6}"
EndProject
Project("{2150E333-8FDC-42A3-9474-1A3956D46DE8}") = "Consumers", "Consumers", "{81573147-B893-46AD-9A37-9F23E581B492}"
EndProject
Project("{FAE04EC0-301F-11D3-BF4B-00C04F79EFBC}") = "ChatRoom.Messages.Common", "src\Consumers\ChatRoom.Messages.Common\ChatRoom.Messages.Common.csproj", "{DE1C59E4-206B-49DE-8F90-0BB369770D7F}"
EndProject
Project("{9A19103F-16F7-4668-BE54-9A1E7A4F7556}") = "ChatRoom.Messages.Fanout", "src\Consumers\ChatRoom.Messages.Fanout\ChatRoom.Messages.Fanout.csproj", "{9A317566-3A78-4B3F-AA65-8DBAFAAD65EE}"
EndProject
Global
	GlobalSection(SolutionConfigurationPlatforms) = preSolution
		Debug|Any CPU = Debug|Any CPU
		Release|Any CPU = Release|Any CPU
	EndGlobalSection
	GlobalSection(ProjectConfigurationPlatforms) = postSolution
		{6D3397B6-C4F1-4805-B3B4-0A44A01B30DF}.Debug|Any CPU.ActiveCfg = Debug|Any CPU
		{6D3397B6-C4F1-4805-B3B4-0A44A01B30DF}.Debug|Any CPU.Build.0 = Debug|Any CPU
		{6D3397B6-C4F1-4805-B3B4-0A44A01B30DF}.Release|Any CPU.ActiveCfg = Release|Any CPU
		{6D3397B6-C4F1-4805-B3B4-0A44A01B30DF}.Release|Any CPU.Build.0 = Release|Any CPU
		{75E3FD2E-FDEE-4882-8E92-A4427EBD8571}.Debug|Any CPU.ActiveCfg = Debug|Any CPU
		{75E3FD2E-FDEE-4882-8E92-A4427EBD8571}.Debug|Any CPU.Build.0 = Debug|Any CPU
		{75E3FD2E-FDEE-4882-8E92-A4427EBD8571}.Release|Any CPU.ActiveCfg = Release|Any CPU
		{75E3FD2E-FDEE-4882-8E92-A4427EBD8571}.Release|Any CPU.Build.0 = Release|Any CPU
		{31EEF0A2-0E57-49E2-B85F-66971A190AB5}.Debug|Any CPU.ActiveCfg = Debug|Any CPU
		{31EEF0A2-0E57-49E2-B85F-66971A190AB5}.Debug|Any CPU.Build.0 = Debug|Any CPU
		{31EEF0A2-0E57-49E2-B85F-66971A190AB5}.Release|Any CPU.ActiveCfg = Release|Any CPU
		{31EEF0A2-0E57-49E2-B85F-66971A190AB5}.Release|Any CPU.Build.0 = Release|Any CPU
		{500F6532-343F-4820-A859-927F200A816A}.Debug|Any CPU.ActiveCfg = Debug|Any CPU
		{500F6532-343F-4820-A859-927F200A816A}.Debug|Any CPU.Build.0 = Debug|Any CPU
		{500F6532-343F-4820-A859-927F200A816A}.Release|Any CPU.ActiveCfg = Release|Any CPU
		{500F6532-343F-4820-A859-927F200A816A}.Release|Any CPU.Build.0 = Release|Any CPU
		{19DC27F4-0F7D-4104-B6C8-E094B1513708}.Debug|Any CPU.ActiveCfg = Debug|Any CPU
		{19DC27F4-0F7D-4104-B6C8-E094B1513708}.Debug|Any CPU.Build.0 = Debug|Any CPU
		{19DC27F4-0F7D-4104-B6C8-E094B1513708}.Release|Any CPU.ActiveCfg = Release|Any CPU
		{19DC27F4-0F7D-4104-B6C8-E094B1513708}.Release|Any CPU.Build.0 = Release|Any CPU
		{65E2E7A6-604C-418F-8785-70898A42CC31}.Debug|Any CPU.ActiveCfg = Debug|Any CPU
		{65E2E7A6-604C-418F-8785-70898A42CC31}.Debug|Any CPU.Build.0 = Debug|Any CPU
		{65E2E7A6-604C-418F-8785-70898A42CC31}.Release|Any CPU.ActiveCfg = Release|Any CPU
		{65E2E7A6-604C-418F-8785-70898A42CC31}.Release|Any CPU.Build.0 = Release|Any CPU
		{65BDB15E-2855-4806-9FA8-D589BF4A8EAE}.Debug|Any CPU.ActiveCfg = Debug|Any CPU
		{65BDB15E-2855-4806-9FA8-D589BF4A8EAE}.Debug|Any CPU.Build.0 = Debug|Any CPU
		{65BDB15E-2855-4806-9FA8-D589BF4A8EAE}.Release|Any CPU.ActiveCfg = Release|Any CPU
		{65BDB15E-2855-4806-9FA8-D589BF4A8EAE}.Release|Any CPU.Build.0 = Release|Any CPU
		{3A7DE554-A563-4F51-8723-EB3DCA104C34}.Debug|Any CPU.ActiveCfg = Debug|Any CPU
		{3A7DE554-A563-4F51-8723-EB3DCA104C34}.Debug|Any CPU.Build.0 = Debug|Any CPU
		{3A7DE554-A563-4F51-8723-EB3DCA104C34}.Release|Any CPU.ActiveCfg = Release|Any CPU
		{3A7DE554-A563-4F51-8723-EB3DCA104C34}.Release|Any CPU.Build.0 = Release|Any CPU
		{1E9F56F5-F06C-41A6-9314-28EF32B3A016}.Debug|Any CPU.ActiveCfg = Debug|Any CPU
		{1E9F56F5-F06C-41A6-9314-28EF32B3A016}.Debug|Any CPU.Build.0 = Debug|Any CPU
		{1E9F56F5-F06C-41A6-9314-28EF32B3A016}.Release|Any CPU.ActiveCfg = Release|Any CPU
		{1E9F56F5-F06C-41A6-9314-28EF32B3A016}.Release|Any CPU.Build.0 = Release|Any CPU
		{18BC5867-EBEE-4D5D-81A6-DE06325AB7D6}.Debug|Any CPU.ActiveCfg = Debug|Any CPU
		{18BC5867-EBEE-4D5D-81A6-DE06325AB7D6}.Debug|Any CPU.Build.0 = Debug|Any CPU
		{18BC5867-EBEE-4D5D-81A6-DE06325AB7D6}.Release|Any CPU.ActiveCfg = Release|Any CPU
		{18BC5867-EBEE-4D5D-81A6-DE06325AB7D6}.Release|Any CPU.Build.0 = Release|Any CPU
		{DE1C59E4-206B-49DE-8F90-0BB369770D7F}.Debug|Any CPU.ActiveCfg = Debug|Any CPU
		{DE1C59E4-206B-49DE-8F90-0BB369770D7F}.Debug|Any CPU.Build.0 = Debug|Any CPU
		{DE1C59E4-206B-49DE-8F90-0BB369770D7F}.Release|Any CPU.ActiveCfg = Release|Any CPU
		{DE1C59E4-206B-49DE-8F90-0BB369770D7F}.Release|Any CPU.Build.0 = Release|Any CPU
		{9A317566-3A78-4B3F-AA65-8DBAFAAD65EE}.Debug|Any CPU.ActiveCfg = Debug|Any CPU
		{9A317566-3A78-4B3F-AA65-8DBAFAAD65EE}.Debug|Any CPU.Build.0 = Debug|Any CPU
		{9A317566-3A78-4B3F-AA65-8DBAFAAD65EE}.Release|Any CPU.ActiveCfg = Release|Any CPU
		{9A317566-3A78-4B3F-AA65-8DBAFAAD65EE}.Release|Any CPU.Build.0 = Release|Any CPU
	EndGlobalSection
	GlobalSection(SolutionProperties) = preSolution
		HideSolutionNode = FALSE
	EndGlobalSection
	GlobalSection(NestedProjects) = preSolution
		{6D3397B6-C4F1-4805-B3B4-0A44A01B30DF} = {8495BA7D-2791-421A-8B2F-378BC9C95E67}
		{75E3FD2E-FDEE-4882-8E92-A4427EBD8571} = {8495BA7D-2791-421A-8B2F-378BC9C95E67}
		{31EEF0A2-0E57-49E2-B85F-66971A190AB5} = {8495BA7D-2791-421A-8B2F-378BC9C95E67}
		{500F6532-343F-4820-A859-927F200A816A} = {8495BA7D-2791-421A-8B2F-378BC9C95E67}
		{19DC27F4-0F7D-4104-B6C8-E094B1513708} = {FD12BEC9-609A-42C5-8FF7-7593DCC01E70}
		{65E2E7A6-604C-418F-8785-70898A42CC31} = {8495BA7D-2791-421A-8B2F-378BC9C95E67}
		{65BDB15E-2855-4806-9FA8-D589BF4A8EAE} = {8495BA7D-2791-421A-8B2F-378BC9C95E67}
		{3A7DE554-A563-4F51-8723-EB3DCA104C34} = {8495BA7D-2791-421A-8B2F-378BC9C95E67}
		{1E9F56F5-F06C-41A6-9314-28EF32B3A016} = {81573147-B893-46AD-9A37-9F23E581B492}
		{18BC5867-EBEE-4D5D-81A6-DE06325AB7D6} = {81573147-B893-46AD-9A37-9F23E581B492}
		{81573147-B893-46AD-9A37-9F23E581B492} = {8495BA7D-2791-421A-8B2F-378BC9C95E67}
		{DE1C59E4-206B-49DE-8F90-0BB369770D7F} = {81573147-B893-46AD-9A37-9F23E581B492}
		{9A317566-3A78-4B3F-AA65-8DBAFAAD65EE} = {81573147-B893-46AD-9A37-9F23E581B492}
	EndGlobalSection
	GlobalSection(ExtensibilityGlobals) = postSolution
		SolutionGuid = {F2FC870D-6EBD-4A08-8E96-30E8CFA31C5D}
	EndGlobalSection
EndGlobal
